
Microsoft Visual Studio Solution File, Format Version 12.00
# Visual Studio 2013
VisualStudioVersion = 12.0.31101.0
MinimumVisualStudioVersion = 10.0.40219.1
Project("{FAE04EC0-301F-11D3-BF4B-00C04F79EFBC}") = "Module 2", "Module 2\Module 2.csproj", "{A716A56B-FBD3-4850-9000-86600EB5AAF7}"
EndProject
Global
	GlobalSection(SolutionConfigurationPlatforms) = preSolution
		Debug|Any CPU = Debug|Any CPU
		Release|Any CPU = Release|Any CPU
	EndGlobalSection
	GlobalSection(ProjectConfigurationPlatforms) = postSolution
		{A716A56B-FBD3-4850-9000-86600EB5AAF7}.Debug|Any CPU.ActiveCfg = Debug|Any CPU
		{A716A56B-FBD3-4850-9000-86600EB5AAF7}.Debug|Any CPU.Build.0 = Debug|Any CPU
		{A716A56B-FBD3-4850-9000-86600EB5AAF7}.Release|Any CPU.ActiveCfg = Release|Any CPU
		{A716A56B-FBD3-4850-9000-86600EB5AAF7}.Release|Any CPU.Build.0 = Release|Any CPU
	EndGlobalSection
	GlobalSection(SolutionProperties) = preSolution
		HideSolutionNode = FALSE
	EndGlobalSection
EndGlobal
